{
  "name": "copilot-ghas-demo",
  "version": "1.0.0",
  "lockfileVersion": 3,
  "requires": true,
  "packages": {
    "": {
      "name": "copilot-ghas-demo",
      "version": "1.0.0",
      "license": "ISC",
      "dependencies": {
        "lodash": "4.11"
      }
    },
    "node_modules/lodash": {
      "version": "4.11.2",
      "resolved": "https://registry.npmjs.org/lodash/-/lodash-4.11.2.tgz",
      "integrity": "sha512-kzYAjjUS0vKRLVcNZgK2k7NJOT5cQoFO3w8ddED6mDBdgu3AIL9xhAktXJ5Dm6GD1x+eqqyu1wKAzEt8Uq77NQ=="
    }
  }
}
